Microsoft Visual Studio Solution File, Format Version 12.00
# Visual Studio 2012
Project("{FAE04EC0-301F-11D3-BF4B-00C04F79EFBC}") = "Godot", "Godot.csproj", "{432606F2-3399-49FD-B7B3-B8C182DB6C2D}"
EndProject
Global
	GlobalSection(SolutionConfigurationPlatforms) = preSolution
	Debug|Any CPU = Debug|Any CPU
	ExportDebug|Any CPU = ExportDebug|Any CPU
	ExportRelease|Any CPU = ExportRelease|Any CPU
	EndGlobalSection
	GlobalSection(ProjectConfigurationPlatforms) = postSolution
		{432606F2-3399-49FD-B7B3-B8C182DB6C2D}.Debug|Any CPU.ActiveCfg = Debug|Any CPU
		{432606F2-3399-49FD-B7B3-B8C182DB6C2D}.Debug|Any CPU.Build.0 = Debug|Any CPU
		{432606F2-3399-49FD-B7B3-B8C182DB6C2D}.ExportDebug|Any CPU.ActiveCfg = ExportDebug|Any CPU
		{432606F2-3399-49FD-B7B3-B8C182DB6C2D}.ExportDebug|Any CPU.Build.0 = ExportDebug|Any CPU
		{432606F2-3399-49FD-B7B3-B8C182DB6C2D}.ExportRelease|Any CPU.ActiveCfg = ExportRelease|Any CPU
		{432606F2-3399-49FD-B7B3-B8C182DB6C2D}.ExportRelease|Any CPU.Build.0 = ExportRelease|Any CPU
	EndGlobalSection
EndGlobal
